
Microsoft Visual Studio Solution File, Format Version 12.00
# Visual Studio Version 17
VisualStudioVersion = 17.4.33213.308
MinimumVisualStudioVersion = 10.0.40219.1
Project("{FAE04EC0-301F-11D3-BF4B-00C04F79EFBC}") = "MatchingGame", "MatchingGame\MatchingGame.csproj", "{09E0A2E7-F2FC-4116-A8D2-C2DDCA351545}"
EndProject
Global
	GlobalSection(SolutionConfigurationPlatforms) = preSolution
		Debug|Any CPU = Debug|Any CPU
		Release|Any CPU = Release|Any CPU
	EndGlobalSection
	GlobalSection(ProjectConfigurationPlatforms) = postSolution
		{09E0A2E7-F2FC-4116-A8D2-C2DDCA351545}.Debug|Any CPU.ActiveCfg = Debug|Any CPU
		{09E0A2E7-F2FC-4116-A8D2-C2DDCA351545}.Debug|Any CPU.Build.0 = Debug|Any CPU
		{09E0A2E7-F2FC-4116-A8D2-C2DDCA351545}.Release|Any CPU.ActiveCfg = Release|Any CPU
		{09E0A2E7-F2FC-4116-A8D2-C2DDCA351545}.Release|Any CPU.Build.0 = Release|Any CPU
	EndGlobalSection
	GlobalSection(SolutionProperties) = preSolution
		HideSolutionNode = FALSE
	EndGlobalSection
	GlobalSection(ExtensibilityGlobals) = postSolution
		SolutionGuid = {81584478-7953-4C9B-8A67-7900FE2C2F6C}
	EndGlobalSection
EndGlobal
