
Microsoft Visual Studio Solution File, Format Version 12.00
# Visual Studio Version 17
VisualStudioVersion = 17.3.32825.248
MinimumVisualStudioVersion = 10.0.40219.1
Project("{FAE04EC0-301F-11D3-BF4B-00C04F79EFBC}") = "Picture Viewer", "Picture Viewer\Picture Viewer.csproj", "{CEBE919C-7C77-49B2-86EA-9DD304739552}"
EndProject
Global
	GlobalSection(SolutionConfigurationPlatforms) = preSolution
		Debug|Any CPU = Debug|Any CPU
		Release|Any CPU = Release|Any CPU
	EndGlobalSection
	GlobalSection(ProjectConfigurationPlatforms) = postSolution
		{CEBE919C-7C77-49B2-86EA-9DD304739552}.Debug|Any CPU.ActiveCfg = Debug|Any CPU
		{CEBE919C-7C77-49B2-86EA-9DD304739552}.Debug|Any CPU.Build.0 = Debug|Any CPU
		{CEBE919C-7C77-49B2-86EA-9DD304739552}.Release|Any CPU.ActiveCfg = Release|Any CPU
		{CEBE919C-7C77-49B2-86EA-9DD304739552}.Release|Any CPU.Build.0 = Release|Any CPU
	EndGlobalSection
	GlobalSection(SolutionProperties) = preSolution
		HideSolutionNode = FALSE
	EndGlobalSection
	GlobalSection(ExtensibilityGlobals) = postSolution
		SolutionGuid = {9C9AF972-1721-43A5-9D54-EC6BE601D814}
	EndGlobalSection
EndGlobal
